{
  "name": "ngx-wysiwyg-markdown-editor",
  "version": "8.2.12",
  "lockfileVersion": 1,
  "requires": true,
  "dependencies": {
    "@types/codemirror": {
      "version": "0.0.71",
      "resolved": "https://registry.npmjs.org/@types/codemirror/-/codemirror-0.0.71.tgz",
      "integrity": "sha512-b2oEEnno1LIGKMR7uBEsr40al1UijF1HEpRn0+Yf1xOLl24iQgB7DBpZVMM7y54G5wCNoclDrRO65E6KHPNO2w==",
      "dev": true,
      "requires": {
        "@types/tern": "*"
      }
    },
    "@types/estree": {
      "version": "0.0.42",
      "resolved": "https://registry.npmjs.org/@types/estree/-/estree-0.0.42.tgz",
      "integrity": "sha512-K1DPVvnBCPxzD+G51/cxVIoc2X8uUVl1zpJeE6iKcgHMj4+tbat5Xu4TjV7v2QSDbIeAfLi2hIk+u2+s0MlpUQ==",
      "dev": true
    },
    "@types/jquery": {
      "version": "3.3.33",
      "resolved": "https://registry.npmjs.org/@types/jquery/-/jquery-3.3.33.tgz",
      "integrity": "sha512-U6IdXYGkfUI42SR79vB2Spj+h1Ly3J3UZjpd8mi943lh126TK7CB+HZOxGh2nM3IySor7wqVQdemD/xtydsBKA==",
      "dev": true,
      "requires": {
        "@types/sizzle": "*"
      }
    },
    "@types/linkify-it": {
      "version": "2.1.0",
      "resolved": "https://registry.npmjs.org/@types/linkify-it/-/linkify-it-2.1.0.tgz",
      "integrity": "sha512-Q7DYAOi9O/+cLLhdaSvKdaumWyHbm7HAk/bFwwyTuU0arR5yyCeW5GOoqt4tJTpDRxhpx9Q8kQL6vMpuw9hDSw==",
      "dev": true
    },
    "@types/markdown-it": {
      "version": "0.0.7",
      "resolved": "https://registry.npmjs.org/@types/markdown-it/-/markdown-it-0.0.7.tgz",
      "integrity": "sha512-WyL6pa76ollQFQNEaLVa41ZUUvDvPY+qAUmlsphnrpL6I9p1m868b26FyeoOmo7X3/Ta/S9WKXcEYXUSHnxoVQ==",
      "dev": true,
      "requires": {
        "@types/linkify-it": "*"
      }
    },
    "@types/sizzle": {
      "version": "2.3.2",
      "resolved": "https://registry.npmjs.org/@types/sizzle/-/sizzle-2.3.2.tgz",
      "integrity": "sha512-7EJYyKTL7tFR8+gDbB6Wwz/arpGa0Mywk1TJbNzKzHtzbwVmY4HR9WqS5VV7dsBUKQmPNr192jHr/VpBluj/hg==",
      "dev": true
    },
    "@types/tern": {
      "version": "0.23.3",
      "resolved": "https://registry.npmjs.org/@types/tern/-/tern-0.23.3.tgz",
      "integrity": "sha512-imDtS4TAoTcXk0g7u4kkWqedB3E4qpjXzCpD2LU5M5NAXHzCDsypyvXSaG7mM8DKYkCRa7tFp4tS/lp/Wo7Q3w==",
      "dev": true,
      "requires": {
        "@types/estree": "*"
      }
    },
    "argparse": {
      "version": "1.0.10",
      "resolved": "https://registry.npmjs.org/argparse/-/argparse-1.0.10.tgz",
      "integrity": "sha512-o5Roy6tNG4SL/FOkCAN6RzjiakZS25RLYFrcMttJqbdd8BWrnA+fGz57iN5Pb06pvBGvl5gQ0B48dJlslXvoTg==",
      "dev": true,
      "requires": {
        "sprintf-js": "~1.0.2"
      }
    },
    "babel-polyfill": {
      "version": "6.26.0",
      "resolved": "https://registry.npmjs.org/babel-polyfill/-/babel-polyfill-6.26.0.tgz",
      "integrity": "sha1-N5k3q8Z9eJWXCtxiHyhM2WbPIVM=",
      "dev": true,
      "requires": {
        "babel-runtime": "^6.26.0",
        "core-js": "^2.5.0",
        "regenerator-runtime": "^0.10.5"
      }
    },
    "babel-runtime": {
      "version": "6.26.0",
      "resolved": "https://registry.npmjs.org/babel-runtime/-/babel-runtime-6.26.0.tgz",
      "integrity": "sha1-llxwWGaOgrVde/4E/yM3vItWR/4=",
      "dev": true,
      "requires": {
        "core-js": "^2.4.0",
        "regenerator-runtime": "^0.11.0"
      },
      "dependencies": {
        "regenerator-runtime": {
          "version": "0.11.1",
          "resolved": "https://registry.npmjs.org/regenerator-runtime/-/regenerator-runtime-0.11.1.tgz",
          "integrity": "sha512-MguG95oij0fC3QV3URf4V2SDYGJhJnJGqvIIgdECeODCT98wSWDAJ94SSuVpYQUoTcGUIL6L4yNB7j1DFFHSBg==",
          "dev": true
        }
      }
    },
    "codemirror": {
      "version": "5.52.0",
      "resolved": "https://registry.npmjs.org/codemirror/-/codemirror-5.52.0.tgz",
      "integrity": "sha512-K2UB6zjscrfME03HeRe/IuOmCeqNpw7PLKGHThYpLbZEuKf+ZoujJPhxZN4hHJS1O7QyzEsV7JJZGxuQWVaFCg==",
      "dev": true
    },
    "core-js": {
      "version": "2.6.11",
      "resolved": "https://registry.npmjs.org/core-js/-/core-js-2.6.11.tgz",
      "integrity": "sha512-5wjnpaT/3dV+XB4borEsnAYQchn00XSgTAWKDkEqv+K8KevjbzmofK6hfJ9TZIlpj2N0xQpazy7PiRQiWHqzWg==",
      "dev": true
    },
    "entities": {
      "version": "1.1.2",
      "resolved": "https://registry.npmjs.org/entities/-/entities-1.1.2.tgz",
      "integrity": "sha512-f2LZMYl1Fzu7YSBKg+RoROelpOaNrcGmE9AZubeDfrCEia483oW4MI4VyFd5VNHIgQ/7qm1I0wUHK1eJnn2y2w==",
      "dev": true
    },
    "eve": {
      "version": "git://github.com/adobe-webplatform/eve.git#eef80ed8d188423c2272746fb8ae5cc8dad84cb1",
      "from": "git://github.com/adobe-webplatform/eve.git#eef80ed",
      "dev": true
    },
    "highlight.js": {
      "version": "9.18.1",
      "resolved": "https://registry.npmjs.org/highlight.js/-/highlight.js-9.18.1.tgz",
      "integrity": "sha512-OrVKYz70LHsnCgmbXctv/bfuvntIKDz177h0Co37DQ5jamGZLVmoCVMtjMtNZY3X9DrCcKfklHPNeA0uPZhSJg==",
      "dev": true
    },
    "jquery": {
      "version": "3.4.1",
      "resolved": "https://registry.npmjs.org/jquery/-/jquery-3.4.1.tgz",
      "integrity": "sha512-36+AdBzCL+y6qjw5Tx7HgzeGCzC81MDDgaUP8ld2zhx58HdqXGoBd+tHdrBMiyjGQs0Hxs/MLZTu/eHNJJuWPw==",
      "dev": true
    },
    "linkify-it": {
      "version": "2.2.0",
      "resolved": "https://registry.npmjs.org/linkify-it/-/linkify-it-2.2.0.tgz",
      "integrity": "sha512-GnAl/knGn+i1U/wjBz3akz2stz+HrHLsxMwHQGofCDfPvlf+gDKN58UtfmUquTY4/MXeE2x7k19KQmeoZi94Iw==",
      "dev": true,
      "requires": {
        "uc.micro": "^1.0.1"
      }
    },
    "markdown-it": {
      "version": "9.1.0",
      "resolved": "https://registry.npmjs.org/markdown-it/-/markdown-it-9.1.0.tgz",
      "integrity": "sha512-xHKG4C8iPriyfu/jc2hsCC045fKrMQ0VexX2F1FGYiRxDxqMB2aAhF8WauJ3fltn2kb90moGBkiiEdooGIg55w==",
      "dev": true,
      "requires": {
        "argparse": "^1.0.7",
        "entities": "~1.1.1",
        "linkify-it": "^2.0.0",
        "mdurl": "^1.0.1",
        "uc.micro": "^1.0.5"
      }
    },
    "mdurl": {
      "version": "1.0.1",
      "resolved": "https://registry.npmjs.org/mdurl/-/mdurl-1.0.1.tgz",
      "integrity": "sha1-/oWy7HWlkDfyrf7BAP1sYBdhFS4=",
      "dev": true
    },
    "plantuml-encoder": {
      "version": "1.4.0",
      "resolved": "https://registry.npmjs.org/plantuml-encoder/-/plantuml-encoder-1.4.0.tgz",
      "integrity": "sha512-sxMwpDw/ySY1WB2CE3+IdMuEcWibJ72DDOsXLkSmEaSzwEUaYBT6DWgOfBiHGCux4q433X6+OEFWjlVqp7gL6g==",
      "dev": true
    },
    "raphael": {
      "version": "git+https://github.com/nhn/raphael.git#78a6ed3ec269f33b6457b0ec66f8c3d1f2ed70e0",
      "from": "git+https://github.com/nhn/raphael.git#2.2.0-c",
      "dev": true,
      "requires": {
        "eve": "git://github.com/adobe-webplatform/eve.git#eef80ed"
      }
    },
    "regenerator-runtime": {
      "version": "0.10.5",
      "resolved": "https://registry.npmjs.org/regenerator-runtime/-/regenerator-runtime-0.10.5.tgz",
      "integrity": "sha1-M2w+/BIgrc7dosn6tntaeVWjNlg=",
      "dev": true
    },
    "resize-observer-polyfill": {
      "version": "1.5.1",
      "resolved": "https://registry.npmjs.org/resize-observer-polyfill/-/resize-observer-polyfill-1.5.1.tgz",
      "integrity": "sha512-LwZrotdHOo12nQuZlHEmtuXdqGoOD0OhaxopaNFxWzInpEgaLWoVuAMbTzixuosCx2nEG58ngzW3vxdWoxIgdg==",
      "dev": true
    },
    "sprintf-js": {
      "version": "1.0.3",
      "resolved": "https://registry.npmjs.org/sprintf-js/-/sprintf-js-1.0.3.tgz",
      "integrity": "sha1-BOaSb2YolTVPPdAVIDYzuFcpfiw=",
      "dev": true
    },
    "squire-rte": {
      "version": "github:seonim-ryu/Squire#fd40b4e3020845825701e9689f190bab3f4775d4",
      "from": "github:seonim-ryu/Squire#fd40b4e3020845825701e9689f190bab3f4775d4",
      "dev": true
    },
    "to-mark": {
      "version": "1.1.9",
      "resolved": "https://registry.npmjs.org/to-mark/-/to-mark-1.1.9.tgz",
      "integrity": "sha512-qHVnIhvwJbIIqOjuJgH2JlOmV/wPSSAY0QOQ47xQb9VPCzhV0Nd23+bBD4K/mzDGJA5lckZMfkgLScYvqKnPpg==",
      "dev": true
    },
    "tui-chart": {
      "version": "3.10.0",
      "resolved": "https://registry.npmjs.org/tui-chart/-/tui-chart-3.10.0.tgz",
      "integrity": "sha512-RdLAgUrKRxzhd1/2fkY78oBRwHQruplwIUDs/UudHuAyjavxYJR6jq3tDZl4u5QvO+o12zJFjgSKCXSOsEFVlQ==",
      "dev": true,
      "requires": {
        "babel-polyfill": "^6.26.0",
        "raphael": "git+https://github.com/nhn/raphael.git#2.2.0-c",
        "tui-code-snippet": "^1.5.0"
      }
    },
    "tui-code-snippet": {
      "version": "1.5.2",
      "resolved": "https://registry.npmjs.org/tui-code-snippet/-/tui-code-snippet-1.5.2.tgz",
      "integrity": "sha512-6UqTlQaaC1KLcmC0HAoq5dtl1G4Fib+R+NC7pmaV7kiIlZ7JqKhUmnOoGRcreAyzd81UTK/vCvhrw9QJskpCFQ==",
      "dev": true
    },
    "tui-color-picker": {
      "version": "2.2.6",
      "resolved": "https://registry.npmjs.org/tui-color-picker/-/tui-color-picker-2.2.6.tgz",
      "integrity": "sha512-+GBTUFGOkDaFiyYt/4IJTKA68Oj7fC9lU+RHs56luyFHYSO3gWuvsZntxAvFFeCGiZFFhu9XQQaZ0rVS5TUOmA==",
      "dev": true,
      "requires": {
        "tui-code-snippet": "^2.2.0"
      },
      "dependencies": {
        "tui-code-snippet": {
          "version": "2.3.1",
          "resolved": "https://registry.npmjs.org/tui-code-snippet/-/tui-code-snippet-2.3.1.tgz",
          "integrity": "sha512-HopmhYTLLHAF0aUnGN+ICQzX0j6T2dXhLeW+oupH58MktsWes19vW5BbUgFjONsq2gDT8+B1lOKdRliRAqnKXg==",
          "dev": true
        }
      }
    },
    "tui-editor": {
      "version": "1.4.10",
      "resolved": "https://registry.npmjs.org/tui-editor/-/tui-editor-1.4.10.tgz",
      "integrity": "sha512-fET8etzvxTm0cFa7C8cbDFkPZ8R9s/oWVRr4i7Z1QKk4YkmY/hDjrdtWPXuIOy4/IzCWQHnv4TmnyVZmAbuG5Q==",
      "dev": true,
      "requires": {
        "@types/codemirror": "0.0.71",
        "@types/jquery": "^3.3.29",
        "@types/markdown-it": "0.0.7",
        "codemirror": "^5.48.4",
        "highlight.js": "^9.12.0",
        "jquery": "^3.3.1",
        "markdown-it": "^9.0.0",
        "plantuml-encoder": "^1.2.5",
        "resize-observer-polyfill": "^1.5.0",
        "squire-rte": "github:seonim-ryu/Squire#fd40b4e3020845825701e9689f190bab3f4775d4",
        "to-mark": "^1.1.9",
        "tui-chart": "^3.7.0",
        "tui-code-snippet": "^1.5.0",
        "tui-color-picker": "^2.2.1"
      }
    },
    "uc.micro": {
      "version": "1.0.6",
      "resolved": "https://registry.npmjs.org/uc.micro/-/uc.micro-1.0.6.tgz",
      "integrity": "sha512-8Y75pvTYkLJW2hWQHXxoqRgV7qb9B+9vFEtidML+7koHUFapnVJAZ6cKs+Qjz5Aw3aZWHMC6u0wJE3At+nSGwA==",
      "dev": true
    }
  }
}
